# @generated - this file is auto-generated by `mise lock` https://mise.en.dev/dev-tools/mise-lock.html

[[tools.just]]
version = "1.50.0"
backend = "aqua:casey/just"

[[tools.markdownlint-cli2]]
version = "0.22.1"
backend = "npm:markdownlint-cli2"

[[tools.prek]]
version = "0.3.11"
backend = "aqua:j178/prek"

[[tools.uv]]
version = "0.11.8"
backend = "aqua:astral-sh/uv"

[[tools.vp]]
version = "0.1.20"
backend = "npm:vite-plus"
