lockfileVersion: '9.0'

settings:
  autoInstallPeers: true
  excludeLinksFromLockfile: false

importers:

  .:
    devDependencies:
      '@biomejs/biome':
        specifier: ^2.0.0
        version: 2.3.1
      '@playwright/test':
        specifier: ^1.51.1
        version: 1.56.1
      '@types/node':
        specifier: ^24.0.0
        version: 24.10.0

packages:

  '@biomejs/biome@2.3.1':
    resolution: {integrity: sha512-A29evf1R72V5bo4o2EPxYMm5mtyGvzp2g+biZvRFx29nWebGyyeOSsDWGx3tuNNMFRepGwxmA9ZQ15mzfabK2w==}
    engines: {node: '>=14.21.3'}
    hasBin: true

  '@biomejs/cli-darwin-arm64@2.3.1':
    resolution: {integrity: sha512-ombSf3MnTUueiYGN1SeI9tBCsDUhpWzOwS63Dove42osNh0PfE1cUtHFx6eZ1+MYCCLwXzlFlYFdrJ+U7h6LcA==}
    engines: {node: '>=14.21.3'}
    cpu: [arm64]
    os: [darwin]

  '@biomejs/cli-darwin-x64@2.3.1':
    resolution: {integrity: sha512-pcOfwyoQkrkbGvXxRvZNe5qgD797IowpJPovPX5biPk2FwMEV+INZqfCaz4G5bVq9hYnjwhRMamg11U4QsRXrQ==}
    engines: {node: '>=14.21.3'}
    cpu: [x64]
    os: [darwin]

  '@biomejs/cli-linux-arm64-musl@2.3.1':
    resolution: {integrity: sha512-+DZYv8l7FlUtTrWs1Tdt1KcNCAmRO87PyOnxKGunbWm5HKg1oZBSbIIPkjrCtDZaeqSG1DiGx7qF+CPsquQRcg==}
    engines: {node: '>=14.21.3'}
    cpu: [arm64]
    os: [linux]

  '@biomejs/cli-linux-arm64@2.3.1':
    resolution: {integrity: sha512-td5O8pFIgLs8H1sAZsD6v+5quODihyEw4nv2R8z7swUfIK1FKk+15e4eiYVLcAE4jUqngvh4j3JCNgg0Y4o4IQ==}
    engines: {node: '>=14.21.3'}
    cpu: [arm64]
    os: [linux]

  '@biomejs/cli-linux-x64-musl@2.3.1':
    resolution: {integrity: sha512-Y3Ob4nqgv38Mh+6EGHltuN+Cq8aj/gyMTJYzkFZV2AEj+9XzoXB9VNljz9pjfFNHUxvLEV4b55VWyxozQTBaUQ==}
    engines: {node: '>=14.21.3'}
    cpu: [x64]
    os: [linux]

  '@biomejs/cli-linux-x64@2.3.1':
    resolution: {integrity: sha512-PYWgEO7up7XYwSAArOpzsVCiqxBCXy53gsReAb1kKYIyXaoAlhBaBMvxR/k2Rm9aTuZ662locXUmPk/Aj+Xu+Q==}
    engines: {node: '>=14.21.3'}
    cpu: [x64]
    os: [linux]

  '@biomejs/cli-win32-arm64@2.3.1':
    resolution: {integrity: sha512-RHIG/zgo+69idUqVvV3n8+j58dKYABRpMyDmfWu2TITC+jwGPiEaT0Q3RKD+kQHiS80mpBrST0iUGeEXT0bU9A==}
    engines: {node: '>=14.21.3'}
    cpu: [arm64]
    os: [win32]

  '@biomejs/cli-win32-x64@2.3.1':
    resolution: {integrity: sha512-izl30JJ5Dp10mi90Eko47zhxE6pYyWPcnX1NQxKpL/yMhXxf95oLTzfpu4q+MDBh/gemNqyJEwjBpe0MT5iWPA==}
    engines: {node: '>=14.21.3'}
    cpu: [x64]
    os: [win32]

  '@playwright/test@1.56.1':
    resolution: {integrity: sha512-vSMYtL/zOcFpvJCW71Q/OEGQb7KYBPAdKh35WNSkaZA75JlAO8ED8UN6GUNTm3drWomcbcqRPFqQbLae8yBTdg==}
    engines: {node: '>=18'}
    hasBin: true

  '@types/node@24.10.0':
    resolution: {integrity: sha512-qzQZRBqkFsYyaSWXuEHc2WR9c0a0CXwiE5FWUvn7ZM+vdy1uZLfCunD38UzhuB7YN/J11ndbDBcTmOdxJo9Q7A==}

  fsevents@2.3.2:
    resolution: {integrity: sha512-xiqMQR4xAeHTuB9uWm+fFRcIOgKBMiOBP+eXiyT7jsgVCq1bkVygt00oASowB7EdtpOHaaPgKt812P9ab+DDKA==}
    engines: {node: ^8.16.0 || ^10.6.0 || >=11.0.0}
    os: [darwin]

  playwright-core@1.56.1:
    resolution: {integrity: sha512-hutraynyn31F+Bifme+Ps9Vq59hKuUCz7H1kDOcBs+2oGguKkWTU50bBWrtz34OUWmIwpBTWDxaRPXrIXkgvmQ==}
    engines: {node: '>=18'}
    hasBin: true

  playwright@1.56.1:
    resolution: {integrity: sha512-aFi5B0WovBHTEvpM3DzXTUaeN6eN0qWnTkKx4NQaH4Wvcmc153PdaY2UBdSYKaGYw+UyWXSVyxDUg5DoPEttjw==}
    engines: {node: '>=18'}
    hasBin: true

  undici-types@7.16.0:
    resolution: {integrity: sha512-Zz+aZWSj8LE6zoxD+xrjh4VfkIG8Ya6LvYkZqtUQGJPZjYl53ypCaUwWqo7eI0x66KBGeRo+mlBEkMSeSZ38Nw==}

snapshots:

  '@biomejs/biome@2.3.1':
    optionalDependencies:
      '@biomejs/cli-darwin-arm64': 2.3.1
      '@biomejs/cli-darwin-x64': 2.3.1
      '@biomejs/cli-linux-arm64': 2.3.1
      '@biomejs/cli-linux-arm64-musl': 2.3.1
      '@biomejs/cli-linux-x64': 2.3.1
      '@biomejs/cli-linux-x64-musl': 2.3.1
      '@biomejs/cli-win32-arm64': 2.3.1
      '@biomejs/cli-win32-x64': 2.3.1

  '@biomejs/cli-darwin-arm64@2.3.1':
    optional: true

  '@biomejs/cli-darwin-x64@2.3.1':
    optional: true

  '@biomejs/cli-linux-arm64-musl@2.3.1':
    optional: true

  '@biomejs/cli-linux-arm64@2.3.1':
    optional: true

  '@biomejs/cli-linux-x64-musl@2.3.1':
    optional: true

  '@biomejs/cli-linux-x64@2.3.1':
    optional: true

  '@biomejs/cli-win32-arm64@2.3.1':
    optional: true

  '@biomejs/cli-win32-x64@2.3.1':
    optional: true

  '@playwright/test@1.56.1':
    dependencies:
      playwright: 1.56.1

  '@types/node@24.10.0':
    dependencies:
      undici-types: 7.16.0

  fsevents@2.3.2:
    optional: true

  playwright-core@1.56.1: {}

  playwright@1.56.1:
    dependencies:
      playwright-core: 1.56.1
    optionalDependencies:
      fsevents: 2.3.2

  undici-types@7.16.0: {}
